
Microsoft Visual Studio Solution File, Format Version 12.00
# Visual Studio Version 17
VisualStudioVersion = 17.9.34622.214
MinimumVisualStudioVersion = 10.0.40219.1
Project("{00D1A9C2-B5F0-4AF3-8072-F6C62B433612}") = "Flight", "Flight\Flight.sqlproj", "{531704AB-81CE-46C3-9003-2B9867FBFABF}"
EndProject
Global
	GlobalSection(SolutionConfigurationPlatforms) = preSolution
		Debug|Any CPU = Debug|Any CPU
		Release|Any CPU = Release|Any CPU
	EndGlobalSection
	GlobalSection(ProjectConfigurationPlatforms) = postSolution
		{531704AB-81CE-46C3-9003-2B9867FBFABF}.Debug|Any CPU.ActiveCfg = Debug|Any CPU
		{531704AB-81CE-46C3-9003-2B9867FBFABF}.Debug|Any CPU.Build.0 = Debug|Any CPU
		{531704AB-81CE-46C3-9003-2B9867FBFABF}.Debug|Any CPU.Deploy.0 = Debug|Any CPU
		{531704AB-81CE-46C3-9003-2B9867FBFABF}.Release|Any CPU.ActiveCfg = Release|Any CPU
		{531704AB-81CE-46C3-9003-2B9867FBFABF}.Release|Any CPU.Build.0 = Release|Any CPU
		{531704AB-81CE-46C3-9003-2B9867FBFABF}.Release|Any CPU.Deploy.0 = Release|Any CPU
	EndGlobalSection
	GlobalSection(SolutionProperties) = preSolution
		HideSolutionNode = FALSE
	EndGlobalSection
	GlobalSection(ExtensibilityGlobals) = postSolution
		SolutionGuid = {766FABA5-8689-4531-964C-2F2345D42F37}
	EndGlobalSection
EndGlobal
